
Microsoft Visual Studio Solution File, Format Version 12.00
# Visual Studio Version 17
VisualStudioVersion = 17.9.34701.34
MinimumVisualStudioVersion = 10.0.40219.1
Project("{9A19103F-16F7-4668-BE54-9A1E7A4F7556}") = "ShopEasily.Client", "ShopEasily\ShopEasily.Client.csproj", "{56934A49-517E-453F-A342-034C4DE8D40E}"
EndProject
Project("{9A19103F-16F7-4668-BE54-9A1E7A4F7556}") = "ShopEasily.Server", "ShopEasily.Server\ShopEasily.Server.csproj", "{7050C40F-E65D-47DB-98D8-547EE5FA8D20}"
EndProject
Project("{9A19103F-16F7-4668-BE54-9A1E7A4F7556}") = "ShopEasily.Shared", "ShopEasily.Shared\ShopEasily.Shared.csproj", "{4A0C3464-2B5C-4140-B9D0-DBBF1C2D6D1C}"
EndProject
Global
	GlobalSection(SolutionConfigurationPlatforms) = preSolution
		Debug|Any CPU = Debug|Any CPU
		Release|Any CPU = Release|Any CPU
	EndGlobalSection
	GlobalSection(ProjectConfigurationPlatforms) = postSolution
		{56934A49-517E-453F-A342-034C4DE8D40E}.Debug|Any CPU.ActiveCfg = Debug|Any CPU
		{56934A49-517E-453F-A342-034C4DE8D40E}.Debug|Any CPU.Build.0 = Debug|Any CPU
		{56934A49-517E-453F-A342-034C4DE8D40E}.Release|Any CPU.ActiveCfg = Release|Any CPU
		{56934A49-517E-453F-A342-034C4DE8D40E}.Release|Any CPU.Build.0 = Release|Any CPU
		{7050C40F-E65D-47DB-98D8-547EE5FA8D20}.Debug|Any CPU.ActiveCfg = Debug|Any CPU
		{7050C40F-E65D-47DB-98D8-547EE5FA8D20}.Debug|Any CPU.Build.0 = Debug|Any CPU
		{7050C40F-E65D-47DB-98D8-547EE5FA8D20}.Release|Any CPU.ActiveCfg = Release|Any CPU
		{7050C40F-E65D-47DB-98D8-547EE5FA8D20}.Release|Any CPU.Build.0 = Release|Any CPU
		{4A0C3464-2B5C-4140-B9D0-DBBF1C2D6D1C}.Debug|Any CPU.ActiveCfg = Debug|Any CPU
		{4A0C3464-2B5C-4140-B9D0-DBBF1C2D6D1C}.Debug|Any CPU.Build.0 = Debug|Any CPU
		{4A0C3464-2B5C-4140-B9D0-DBBF1C2D6D1C}.Release|Any CPU.ActiveCfg = Release|Any CPU
		{4A0C3464-2B5C-4140-B9D0-DBBF1C2D6D1C}.Release|Any CPU.Build.0 = Release|Any CPU
	EndGlobalSection
	GlobalSection(SolutionProperties) = preSolution
		HideSolutionNode = FALSE
	EndGlobalSection
	GlobalSection(ExtensibilityGlobals) = postSolution
		SolutionGuid = {8797764E-EC65-4BF2-BA69-2DBFF8972EE9}
	EndGlobalSection
EndGlobal
